
Microsoft Visual Studio Solution File, Format Version 12.00
# Visual Studio Version 17
VisualStudioVersion = 17.5.33530.505
MinimumVisualStudioVersion = 10.0.40219.1
Project("{2150E333-8FDC-42A3-9474-1A3956D46DE8}") = "Catalog", "Catalog", "{32DCF085-3316-486C-9CEB-FCFD99827E3E}"
EndProject
Project("{2150E333-8FDC-42A3-9474-1A3956D46DE8}") = "Services", "Services", "{5E823208-1973-4967-AE15-CC95749B71CC}"
EndProject
Project("{2150E333-8FDC-42A3-9474-1A3956D46DE8}") = "BuildingBlocks", "BuildingBlocks", "{1100B3F0-3AF6-4679-B0D1-60410D58387A}"
EndProject
Project("{9A19103F-16F7-4668-BE54-9A1E7A4F7556}") = "Common.Logging", "BuildingBlocks\Common.Logging\Common.Logging.csproj", "{35C52070-7044-4113-B235-825A4F68A85F}"
EndProject
Project("{9A19103F-16F7-4668-BE54-9A1E7A4F7556}") = "Catalog.API", "Services\Catalog.API\Catalog.API.csproj", "{13B99DCF-084F-4477-A975-FDD6311D7D77}"
EndProject
Project("{2150E333-8FDC-42A3-9474-1A3956D46DE8}") = "Basket", "Basket", "{F66888DA-B11E-4A8B-91D3-D17DB8712EDD}"
EndProject
Project("{9A19103F-16F7-4668-BE54-9A1E7A4F7556}") = "Basket.API", "Basket.API\Basket.API.csproj", "{89A4DD99-FA1C-4481-8E6C-B10C86B80A5B}"
EndProject
Project("{2150E333-8FDC-42A3-9474-1A3956D46DE8}") = "ApiGateways", "ApiGateways", "{6E02BD1B-3044-4D7C-BFEC-E425E4332812}"
EndProject
Project("{9A19103F-16F7-4668-BE54-9A1E7A4F7556}") = "OcelotApiGw", "OcelotApiGw\OcelotApiGw.csproj", "{7E5937AB-D962-4A17-9448-B84DCB2E06C7}"
EndProject
Project("{9A19103F-16F7-4668-BE54-9A1E7A4F7556}") = "Shopping.Aggregator", "Shopping.Aggregator\Shopping.Aggregator.csproj", "{79759608-1063-4B99-98A1-D3DF5C891187}"
EndProject
Project("{2150E333-8FDC-42A3-9474-1A3956D46DE8}") = "Ordering", "Ordering", "{4D15A059-2E67-4823-B91E-EFD7679327CC}"
EndProject
Project("{9A19103F-16F7-4668-BE54-9A1E7A4F7556}") = "Ordering.API", "Ordering.API\Ordering.API\Ordering.API.csproj", "{8FCDAE27-5B34-46A7-B65B-331882BDB112}"
EndProject
Project("{9A19103F-16F7-4668-BE54-9A1E7A4F7556}") = "Ordering.Application", "Ordering.API\Ordering.Application\Ordering.Application.csproj", "{B5DBDBD6-B8E5-4297-9914-03F955D35248}"
EndProject
Project("{9A19103F-16F7-4668-BE54-9A1E7A4F7556}") = "Ordering.Domain", "Ordering.API\Ordering.Domain\Ordering.Domain.csproj", "{57A9E63E-4E68-4CEE-99D3-50547EE2A904}"
EndProject
Project("{9A19103F-16F7-4668-BE54-9A1E7A4F7556}") = "Ordering.Infrastructure", "Ordering.API\Ordering.Infrastructure\Ordering.Infrastructure.csproj", "{2DB0FA50-407F-4898-8B5B-F3E8D484ED15}"
EndProject
Global
	GlobalSection(SolutionConfigurationPlatforms) = preSolution
		Debug|Any CPU = Debug|Any CPU
		Release|Any CPU = Release|Any CPU
	EndGlobalSection
	GlobalSection(ProjectConfigurationPlatforms) = postSolution
		{35C52070-7044-4113-B235-825A4F68A85F}.Debug|Any CPU.ActiveCfg = Debug|Any CPU
		{35C52070-7044-4113-B235-825A4F68A85F}.Debug|Any CPU.Build.0 = Debug|Any CPU
		{35C52070-7044-4113-B235-825A4F68A85F}.Release|Any CPU.ActiveCfg = Release|Any CPU
		{35C52070-7044-4113-B235-825A4F68A85F}.Release|Any CPU.Build.0 = Release|Any CPU
		{13B99DCF-084F-4477-A975-FDD6311D7D77}.Debug|Any CPU.ActiveCfg = Debug|Any CPU
		{13B99DCF-084F-4477-A975-FDD6311D7D77}.Debug|Any CPU.Build.0 = Debug|Any CPU
		{13B99DCF-084F-4477-A975-FDD6311D7D77}.Release|Any CPU.ActiveCfg = Release|Any CPU
		{13B99DCF-084F-4477-A975-FDD6311D7D77}.Release|Any CPU.Build.0 = Release|Any CPU
		{89A4DD99-FA1C-4481-8E6C-B10C86B80A5B}.Debug|Any CPU.ActiveCfg = Debug|Any CPU
		{89A4DD99-FA1C-4481-8E6C-B10C86B80A5B}.Debug|Any CPU.Build.0 = Debug|Any CPU
		{89A4DD99-FA1C-4481-8E6C-B10C86B80A5B}.Release|Any CPU.ActiveCfg = Release|Any CPU
		{89A4DD99-FA1C-4481-8E6C-B10C86B80A5B}.Release|Any CPU.Build.0 = Release|Any CPU
		{7E5937AB-D962-4A17-9448-B84DCB2E06C7}.Debug|Any CPU.ActiveCfg = Debug|Any CPU
		{7E5937AB-D962-4A17-9448-B84DCB2E06C7}.Debug|Any CPU.Build.0 = Debug|Any CPU
		{7E5937AB-D962-4A17-9448-B84DCB2E06C7}.Release|Any CPU.ActiveCfg = Release|Any CPU
		{7E5937AB-D962-4A17-9448-B84DCB2E06C7}.Release|Any CPU.Build.0 = Release|Any CPU
		{79759608-1063-4B99-98A1-D3DF5C891187}.Debug|Any CPU.ActiveCfg = Debug|Any CPU
		{79759608-1063-4B99-98A1-D3DF5C891187}.Debug|Any CPU.Build.0 = Debug|Any CPU
		{79759608-1063-4B99-98A1-D3DF5C891187}.Release|Any CPU.ActiveCfg = Release|Any CPU
		{79759608-1063-4B99-98A1-D3DF5C891187}.Release|Any CPU.Build.0 = Release|Any CPU
		{8FCDAE27-5B34-46A7-B65B-331882BDB112}.Debug|Any CPU.ActiveCfg = Debug|Any CPU
		{8FCDAE27-5B34-46A7-B65B-331882BDB112}.Debug|Any CPU.Build.0 = Debug|Any CPU
		{8FCDAE27-5B34-46A7-B65B-331882BDB112}.Release|Any CPU.ActiveCfg = Release|Any CPU
		{8FCDAE27-5B34-46A7-B65B-331882BDB112}.Release|Any CPU.Build.0 = Release|Any CPU
		{B5DBDBD6-B8E5-4297-9914-03F955D35248}.Debug|Any CPU.ActiveCfg = Debug|Any CPU
		{B5DBDBD6-B8E5-4297-9914-03F955D35248}.Debug|Any CPU.Build.0 = Debug|Any CPU
		{B5DBDBD6-B8E5-4297-9914-03F955D35248}.Release|Any CPU.ActiveCfg = Release|Any CPU
		{B5DBDBD6-B8E5-4297-9914-03F955D35248}.Release|Any CPU.Build.0 = Release|Any CPU
		{57A9E63E-4E68-4CEE-99D3-50547EE2A904}.Debug|Any CPU.ActiveCfg = Debug|Any CPU
		{57A9E63E-4E68-4CEE-99D3-50547EE2A904}.Debug|Any CPU.Build.0 = Debug|Any CPU
		{57A9E63E-4E68-4CEE-99D3-50547EE2A904}.Release|Any CPU.ActiveCfg = Release|Any CPU
		{57A9E63E-4E68-4CEE-99D3-50547EE2A904}.Release|Any CPU.Build.0 = Release|Any CPU
		{2DB0FA50-407F-4898-8B5B-F3E8D484ED15}.Debug|Any CPU.ActiveCfg = Debug|Any CPU
		{2DB0FA50-407F-4898-8B5B-F3E8D484ED15}.Debug|Any CPU.Build.0 = Debug|Any CPU
		{2DB0FA50-407F-4898-8B5B-F3E8D484ED15}.Release|Any CPU.ActiveCfg = Release|Any CPU
		{2DB0FA50-407F-4898-8B5B-F3E8D484ED15}.Release|Any CPU.Build.0 = Release|Any CPU
	EndGlobalSection
	GlobalSection(SolutionProperties) = preSolution
		HideSolutionNode = FALSE
	EndGlobalSection
	GlobalSection(NestedProjects) = preSolution
		{32DCF085-3316-486C-9CEB-FCFD99827E3E} = {5E823208-1973-4967-AE15-CC95749B71CC}
		{35C52070-7044-4113-B235-825A4F68A85F} = {1100B3F0-3AF6-4679-B0D1-60410D58387A}
		{13B99DCF-084F-4477-A975-FDD6311D7D77} = {32DCF085-3316-486C-9CEB-FCFD99827E3E}
		{F66888DA-B11E-4A8B-91D3-D17DB8712EDD} = {5E823208-1973-4967-AE15-CC95749B71CC}
		{89A4DD99-FA1C-4481-8E6C-B10C86B80A5B} = {F66888DA-B11E-4A8B-91D3-D17DB8712EDD}
		{7E5937AB-D962-4A17-9448-B84DCB2E06C7} = {6E02BD1B-3044-4D7C-BFEC-E425E4332812}
		{79759608-1063-4B99-98A1-D3DF5C891187} = {6E02BD1B-3044-4D7C-BFEC-E425E4332812}
		{4D15A059-2E67-4823-B91E-EFD7679327CC} = {5E823208-1973-4967-AE15-CC95749B71CC}
		{8FCDAE27-5B34-46A7-B65B-331882BDB112} = {4D15A059-2E67-4823-B91E-EFD7679327CC}
		{B5DBDBD6-B8E5-4297-9914-03F955D35248} = {4D15A059-2E67-4823-B91E-EFD7679327CC}
		{57A9E63E-4E68-4CEE-99D3-50547EE2A904} = {4D15A059-2E67-4823-B91E-EFD7679327CC}
		{2DB0FA50-407F-4898-8B5B-F3E8D484ED15} = {4D15A059-2E67-4823-B91E-EFD7679327CC}
	EndGlobalSection
	GlobalSection(ExtensibilityGlobals) = postSolution
		SolutionGuid = {02E4E5CF-1CB4-4F6A-A0D6-20AB2C192E56}
	EndGlobalSection
EndGlobal
