
Microsoft Visual Studio Solution File, Format Version 12.00
# Visual Studio Version 17
VisualStudioVersion = 17.5.33530.505
MinimumVisualStudioVersion = 10.0.40219.1
Project("{9A19103F-16F7-4668-BE54-9A1E7A4F7556}") = "Catalog.API", "Catalog.API\Catalog.API.csproj", "{467382C5-4182-495E-AA04-B11E508E7509}"
EndProject
Project("{2150E333-8FDC-42A3-9474-1A3956D46DE8}") = "Catalog", "Catalog", "{32DCF085-3316-486C-9CEB-FCFD99827E3E}"
EndProject
Project("{2150E333-8FDC-42A3-9474-1A3956D46DE8}") = "Services", "Services", "{5E823208-1973-4967-AE15-CC95749B71CC}"
EndProject
Project("{2150E333-8FDC-42A3-9474-1A3956D46DE8}") = "BuildingBlocks", "BuildingBlocks", "{1100B3F0-3AF6-4679-B0D1-60410D58387A}"
EndProject
Project("{9A19103F-16F7-4668-BE54-9A1E7A4F7556}") = "Common.Logging", "..\run-aspnetcore-microservices\src\BuildingBlocks\Common.Logging\Common.Logging.csproj", "{7C7F632A-E419-462A-AC09-821D20946CF5}"
EndProject
Global
	GlobalSection(SolutionConfigurationPlatforms) = preSolution
		Debug|Any CPU = Debug|Any CPU
		Release|Any CPU = Release|Any CPU
	EndGlobalSection
	GlobalSection(ProjectConfigurationPlatforms) = postSolution
		{467382C5-4182-495E-AA04-B11E508E7509}.Debug|Any CPU.ActiveCfg = Debug|Any CPU
		{467382C5-4182-495E-AA04-B11E508E7509}.Debug|Any CPU.Build.0 = Debug|Any CPU
		{467382C5-4182-495E-AA04-B11E508E7509}.Release|Any CPU.ActiveCfg = Release|Any CPU
		{467382C5-4182-495E-AA04-B11E508E7509}.Release|Any CPU.Build.0 = Release|Any CPU
		{7C7F632A-E419-462A-AC09-821D20946CF5}.Debug|Any CPU.ActiveCfg = Debug|Any CPU
		{7C7F632A-E419-462A-AC09-821D20946CF5}.Debug|Any CPU.Build.0 = Debug|Any CPU
		{7C7F632A-E419-462A-AC09-821D20946CF5}.Release|Any CPU.ActiveCfg = Release|Any CPU
		{7C7F632A-E419-462A-AC09-821D20946CF5}.Release|Any CPU.Build.0 = Release|Any CPU
	EndGlobalSection
	GlobalSection(SolutionProperties) = preSolution
		HideSolutionNode = FALSE
	EndGlobalSection
	GlobalSection(NestedProjects) = preSolution
		{467382C5-4182-495E-AA04-B11E508E7509} = {32DCF085-3316-486C-9CEB-FCFD99827E3E}
		{32DCF085-3316-486C-9CEB-FCFD99827E3E} = {5E823208-1973-4967-AE15-CC95749B71CC}
		{7C7F632A-E419-462A-AC09-821D20946CF5} = {1100B3F0-3AF6-4679-B0D1-60410D58387A}
	EndGlobalSection
	GlobalSection(ExtensibilityGlobals) = postSolution
		SolutionGuid = {02E4E5CF-1CB4-4F6A-A0D6-20AB2C192E56}
	EndGlobalSection
EndGlobal
